
Microsoft Visual Studio Solution File, Format Version 12.00
# Visual Studio 15
Project("{FAE04EC0-301F-11D3-BF4B-00C04F79EFBC}") = "CW.Common", "CW.Common.csproj", "{EBC96986-58EB-1A46-054A-DBE02FB8FD0C}"
EndProject
Project("{FAE04EC0-301F-11D3-BF4B-00C04F79EFBC}") = "Assembly-CSharp", "Assembly-CSharp.csproj", "{79BFDED6-9304-F690-6112-045EE44DF52F}"
EndProject
Project("{FAE04EC0-301F-11D3-BF4B-00C04F79EFBC}") = "HUDIndicator", "HUDIndicator.csproj", "{4D6D8746-5102-FFBE-E6AD-7EE6C4CBD166}"
EndProject
Project("{FAE04EC0-301F-11D3-BF4B-00C04F79EFBC}") = "LeanPool", "LeanPool.csproj", "{54CCEE03-97E8-0144-56F6-0EDB5DE5695E}"
EndProject
Project("{FAE04EC0-301F-11D3-BF4B-00C04F79EFBC}") = "LeanCommon", "LeanCommon.csproj", "{C1EB737F-F808-63F5-7758-D237B671883F}"
EndProject
Project("{FAE04EC0-301F-11D3-BF4B-00C04F79EFBC}") = "Assembly-CSharp-Editor", "Assembly-CSharp-Editor.csproj", "{444C0FCC-CD19-E518-2DB3-26E994110109}"
EndProject
Global
	GlobalSection(SolutionConfigurationPlatforms) = preSolution
		Debug|Any CPU = Debug|Any CPU
		Release|Any CPU = Release|Any CPU
	EndGlobalSection
	GlobalSection(ProjectConfigurationPlatforms) = postSolution
		{EBC96986-58EB-1A46-054A-DBE02FB8FD0C}.Debug|Any CPU.ActiveCfg = Debug|Any CPU
		{EBC96986-58EB-1A46-054A-DBE02FB8FD0C}.Debug|Any CPU.Build.0 = Debug|Any CPU
		{EBC96986-58EB-1A46-054A-DBE02FB8FD0C}.Release|Any CPU.ActiveCfg = Release|Any CPU
		{EBC96986-58EB-1A46-054A-DBE02FB8FD0C}.Release|Any CPU.Build.0 = Release|Any CPU
		{79BFDED6-9304-F690-6112-045EE44DF52F}.Debug|Any CPU.ActiveCfg = Debug|Any CPU
		{79BFDED6-9304-F690-6112-045EE44DF52F}.Debug|Any CPU.Build.0 = Debug|Any CPU
		{79BFDED6-9304-F690-6112-045EE44DF52F}.Release|Any CPU.ActiveCfg = Release|Any CPU
		{79BFDED6-9304-F690-6112-045EE44DF52F}.Release|Any CPU.Build.0 = Release|Any CPU
		{4D6D8746-5102-FFBE-E6AD-7EE6C4CBD166}.Debug|Any CPU.ActiveCfg = Debug|Any CPU
		{4D6D8746-5102-FFBE-E6AD-7EE6C4CBD166}.Debug|Any CPU.Build.0 = Debug|Any CPU
		{4D6D8746-5102-FFBE-E6AD-7EE6C4CBD166}.Release|Any CPU.ActiveCfg = Release|Any CPU
		{4D6D8746-5102-FFBE-E6AD-7EE6C4CBD166}.Release|Any CPU.Build.0 = Release|Any CPU
		{54CCEE03-97E8-0144-56F6-0EDB5DE5695E}.Debug|Any CPU.ActiveCfg = Debug|Any CPU
		{54CCEE03-97E8-0144-56F6-0EDB5DE5695E}.Debug|Any CPU.Build.0 = Debug|Any CPU
		{54CCEE03-97E8-0144-56F6-0EDB5DE5695E}.Release|Any CPU.ActiveCfg = Release|Any CPU
		{54CCEE03-97E8-0144-56F6-0EDB5DE5695E}.Release|Any CPU.Build.0 = Release|Any CPU
		{C1EB737F-F808-63F5-7758-D237B671883F}.Debug|Any CPU.ActiveCfg = Debug|Any CPU
		{C1EB737F-F808-63F5-7758-D237B671883F}.Debug|Any CPU.Build.0 = Debug|Any CPU
		{C1EB737F-F808-63F5-7758-D237B671883F}.Release|Any CPU.ActiveCfg = Release|Any CPU
		{C1EB737F-F808-63F5-7758-D237B671883F}.Release|Any CPU.Build.0 = Release|Any CPU
		{444C0FCC-CD19-E518-2DB3-26E994110109}.Debug|Any CPU.ActiveCfg = Debug|Any CPU
		{444C0FCC-CD19-E518-2DB3-26E994110109}.Debug|Any CPU.Build.0 = Debug|Any CPU
		{444C0FCC-CD19-E518-2DB3-26E994110109}.Release|Any CPU.ActiveCfg = Release|Any CPU
		{444C0FCC-CD19-E518-2DB3-26E994110109}.Release|Any CPU.Build.0 = Release|Any CPU
	EndGlobalSection
	GlobalSection(SolutionProperties) = preSolution
		HideSolutionNode = FALSE
	EndGlobalSection
EndGlobal
